// !$*UTF8*$!
{
	archiveVersion = 1;
	classes = {
	};
	objectVersion = 46;
	objects = {

/* Begin PBXBuildFile section */
		CD292F0F1C53057700DC1DE9 /* main.m in Sources */ = {isa = PBXBuildFile; fileRef = CD292F0E1C53057700DC1DE9 /* main.m */; };
		CD292F121C53057700DC1DE9 /* AppDelegate.m in Sources */ = {isa = PBXBuildFile; fileRef = CD292F111C53057700DC1DE9 /* AppDelegate.m */; };
		CD292F151C53057700DC1DE9 /* ViewController.m in Sources */ = {isa = PBXBuildFile; fileRef = CD292F141C53057700DC1DE9 /* ViewController.m */; };
		CD292F181C53057700DC1DE9 /* Main.storyboard in Resources */ = {isa = PBXBuildFile; fileRef = CD292F161C53057700DC1DE9 /* Main.storyboard */; };
		CD292F1B1C53057700DC1DE9 /* petAlert.xcdatamodeld in Sources */ = {isa = PBXBuildFile; fileRef = CD292F191C53057700DC1DE9 /* petAlert.xcdatamodeld */; };
		CD292F1D1C53057700DC1DE9 /* Assets.xcassets in Resources */ = {isa = PBXBuildFile; fileRef = CD292F1C1C53057700DC1DE9 /* Assets.xcassets */; };
		CD292F201C53057700DC1DE9 /* LaunchScreen.storyboard in Resources */ = {isa = PBXBuildFile; fileRef = CD292F1E1C53057700DC1DE9 /* LaunchScreen.storyboard */; };
		CD292F2B1C53057700DC1DE9 /* petAlertTests.m in Sources */ = {isa = PBXBuildFile; fileRef = CD292F2A1C53057700DC1DE9 /* petAlertTests.m */; };
/* End PBXBuildFile section */

/* Begin PBXContainerItemProxy section */
		CD292F271C53057700DC1DE9 /* PBXContainerItemProxy */ = {
			isa = PBXContainerItemProxy;
			containerPortal = CD292F021C53057700DC1DE9 /* Project object */;
			proxyType = 1;
			remoteGlobalIDString = CD292F091C53057700DC1DE9;
			remoteInfo = petAlert;
		};
/* End PBXContainerItemProxy section */

/* Begin PBXFileReference section */
		CD292F0A1C53057700DC1DE9 /* petAlert.app */ = {isa = PBXFileReference; explicitFileType = wrapper.application; includeInIndex = 0; path = petAlert.app; sourceTree = BUILT_PRODUCTS_DIR; };
		CD292F0E1C53057700DC1DE9 /* main.m */ = {isa = PBXFileReference; lastKnownFileType = sourcecode.c.objc; path = main.m; sourceTree = "<group>"; };
		CD292F101C53057700DC1DE9 /* AppDelegate.h */ = {isa = PBXFileReference; lastKnownFileType = sourcecode.c.h; path = AppDelegate.h; sourceTree = "<group>"; };
		CD292F111C53057700DC1DE9 /* AppDelegate.m */ = {isa = PBXFileReference; lastKnownFileType = sourcecode.c.objc; path = AppDelegate.m; sourceTree = "<group>"; };
		CD292F131C53057700DC1DE9 /* ViewController.h */ = {isa = PBXFileReference; lastKnownFileType = sourcecode.c.h; path = ViewController.h; sourceTree = "<group>"; };
		CD292F141C53057700DC1DE9 /* ViewController.m */ = {isa = PBXFileReference; lastKnownFileType = sourcecode.c.objc; path = ViewController.m; sourceTree = "<group>"; };
		CD292F171C53057700DC1DE9 /* Base */ = {isa = PBXFileReference; lastKnownFileType = file.storyboard; name = Base; path = Base.lproj/Main.storyboard; sourceTree = "<group>"; };
		CD292F1A1C53057700DC1DE9 /* petAlert.xcdatamodel */ = {isa = PBXFileReference; lastKnownFileType = wrapper.xcdatamodel; path = petAlert.xcdatamodel; sourceTree = "<group>"; };
		CD292F1C1C53057700DC1DE9 /* Assets.xcassets */ = {isa = PBXFileReference; lastKnownFileType = folder.assetcatalog; path = Assets.xcassets; sourceTree = "<group>"; };
		CD292F1F1C53057700DC1DE9 /* Base */ = {isa = PBXFileReference; lastKnownFileType = file.storyboard; name = Base; path = Base.lproj/LaunchScreen.storyboard; sourceTree = "<group>"; };
		CD292F211C53057700DC1DE9 /* Info.plist */ = {isa = PBXFileReference; lastKnownFileType = text.plist.xml; path = Info.plist; sourceTree = "<group>"; };
		CD292F261C53057700DC1DE9 /* petAlertTests.xctest */ = {isa = PBXFileReference; explicitFileType = wrapper.cfbundle; includeInIndex = 0; path = petAlertTests.xctest; sourceTree = BUILT_PRODUCTS_DIR; };
		CD292F2A1C53057700DC1DE9 /* petAlertTests.m */ = {isa = PBXFileReference; lastKnownFileType = sourcecode.c.objc; path = petAlertTests.m; sourceTree = "<group>"; };
		CD292F2C1C53057700DC1DE9 /* Info.plist */ = {isa = PBXFileReference; lastKnownFileType = text.plist.xml; path = Info.plist; sourceTree = "<group>"; };
/* End PBXFileReference section */

/* Begin PBXFrameworksBuildPhase section */
		CD292F071C53057700DC1DE9 /* Frameworks */ = {
			isa = PBXFrameworksBuildPhase;
			buildActionMask = 2147483647;
			files = (
			);
			runOnlyForDeploymentPostprocessing = 0;
		};
		CD292F231C53057700DC1DE9 /* Frameworks */ = {
			isa = PBXFrameworksBuildPhase;
			buildActionMask = 2147483647;
			files = (
			);
			runOnlyForDeploymentPostprocessing = 0;
		};
/* End PBXFrameworksBuildPhase section */

/* Begin PBXGroup section */
		CD292F011C53057700DC1DE9 = {
			isa = PBXGroup;
			children = (
				CD292F0C1C53057700DC1DE9 /* petAlert */,
				CD292F291C53057700DC1DE9 /* petAlertTests */,
				CD292F0B1C53057700DC1DE9 /* Products */,
			);
			sourceTree = "<group>";
		};
		CD292F0B1C53057700DC1DE9 /* Products */ = {
			isa = PBXGroup;
			children = (
				CD292F0A1C53057700DC1DE9 /* petAlert.app */,
				CD292F261C53057700DC1DE9 /* petAlertTests.xctest */,
			);
			name = Products;
			sourceTree = "<group>";
		};
		CD292F0C1C53057700DC1DE9 /* petAlert */ = {
			isa = PBXGroup;
			children = (
				CD292F101C53057700DC1DE9 /* AppDelegate.h */,
				CD292F111C53057700DC1DE9 /* AppDelegate.m */,
				CD292F131C53057700DC1DE9 /* ViewController.h */,
				CD292F141C53057700DC1DE9 /* ViewController.m */,
				CD292F161C53057700DC1DE9 /* Main.storyboard */,
				CD292F1C1C53057700DC1DE9 /* Assets.xcassets */,
				CD292F1E1C53057700DC1DE9 /* LaunchScreen.storyboard */,
				CD292F211C53057700DC1DE9 /* Info.plist */,
				CD292F191C53057700DC1DE9 /* petAlert.xcdatamodeld */,
				CD292F0D1C53057700DC1DE9 /* Supporting Files */,
			);
			path = petAlert;
			sourceTree = "<group>";
		};
		CD292F0D1C53057700DC1DE9 /* Supporting Files */ = {
			isa = PBXGroup;
			children = (
				CD292F0E1C53057700DC1DE9 /* main.m */,
			);
			name = "Supporting Files";
			sourceTree = "<group>";
		};
		CD292F291C53057700DC1DE9 /* petAlertTests */ = {
			isa = PBXGroup;
			children = (
				CD292F2A1C53057700DC1DE9 /* petAlertTests.m */,
				CD292F2C1C53057700DC1DE9 /* Info.plist */,
			);
			path = petAlertTests;
			sourceTree = "<group>";
		};
/* End PBXGroup section */

/* Begin PBXNativeTarget section */
		CD292F091C53057700DC1DE9 /* petAlert */ = {
			isa = PBXNativeTarget;
			buildConfigurationList = CD292F2F1C53057700DC1DE9 /* Build configuration list for PBXNativeTarget "petAlert" */;
			buildPhases = (
				CD292F061C53057700DC1DE9 /* Sources */,
				CD292F071C53057700DC1DE9 /* Frameworks */,
				CD292F081C53057700DC1DE9 /* Resources */,
			);
			buildRules = (
			);
			dependencies = (
			);
			name = petAlert;
			productName = petAlert;
			productReference = CD292F0A1C53057700DC1DE9 /* petAlert.app */;
			productType = "com.apple.product-type.application";
		};
		CD292F251C53057700DC1DE9 /* petAlertTests */ = {
			isa = PBXNativeTarget;
			buildConfigurationList = CD292F321C53057700DC1DE9 /* Build configuration list for PBXNativeTarget "petAlertTests" */;
			buildPhases = (
				CD292F221C53057700DC1DE9 /* Sources */,
				CD292F231C53057700DC1DE9 /* Frameworks */,
				CD292F241C53057700DC1DE9 /* Resources */,
			);
			buildRules = (
			);
			dependencies = (
				CD292F281C53057700DC1DE9 /* PBXTargetDependency */,
			);
			name = petAlertTests;
			productName = petAlertTests;
			productReference = CD292F261C53057700DC1DE9 /* petAlertTests.xctest */;
			productType = "com.apple.product-type.bundle.unit-test";
		};
/* End PBXNativeTarget section */

/* Begin PBXProject section */
		CD292F021C53057700DC1DE9 /* Project object */ = {
			isa = PBXProject;
			attributes = {
				LastUpgradeCheck = 0720;
				ORGANIZATIONNAME = "Danielle Smith";
				TargetAttributes = {
					CD292F091C53057700DC1DE9 = {
						CreatedOnToolsVersion = 7.2;
						DevelopmentTeam = L7NTM876NL;
					};
					CD292F251C53057700DC1DE9 = {
						CreatedOnToolsVersion = 7.2;
						DevelopmentTeam = L7NTM876NL;
						TestTargetID = CD292F091C53057700DC1DE9;
					};
				};
			};
			buildConfigurationList = CD292F051C53057700DC1DE9 /* Build configuration list for PBXProject "petAlert" */;
			compatibilityVersion = "Xcode 3.2";
			developmentRegion = English;
			hasScannedForEncodings = 0;
			knownRegions = (
				en,
				Base,
			);
			mainGroup = CD292F011C53057700DC1DE9;
			productRefGroup = CD292F0B1C53057700DC1DE9 /* Products */;
			projectDirPath = "";
			projectRoot = "";
			targets = (
				CD292F091C53057700DC1DE9 /* petAlert */,
				CD292F251C53057700DC1DE9 /* petAlertTests */,
			);
		};
/* End PBXProject section */

/* Begin PBXResourcesBuildPhase section */
		CD292F081C53057700DC1DE9 /* Resources */ = {
			isa = PBXResourcesBuildPhase;
			buildActionMask = 2147483647;
			files = (
				CD292F201C53057700DC1DE9 /* LaunchScreen.storyboard in Resources */,
				CD292F1D1C53057700DC1DE9 /* Assets.xcassets in Resources */,
				CD292F181C53057700DC1DE9 /* Main.storyboard in Resources */,
			);
			runOnlyForDeploymentPostprocessing = 0;
		};
		CD292F241C53057700DC1DE9 /* Resources */ = {
			isa = PBXResourcesBuildPhase;
			buildActionMask = 2147483647;
			files = (
			);
			runOnlyForDeploymentPostprocessing = 0;
		};
/* End PBXResourcesBuildPhase section */

/* Begin PBXSourcesBuildPhase section */
		CD292F061C53057700DC1DE9 /* Sources */ = {
			isa = PBXSourcesBuildPhase;
			buildActionMask = 2147483647;
			files = (
				CD292F151C53057700DC1DE9 /* ViewController.m in Sources */,
				CD292F121C53057700DC1DE9 /* AppDelegate.m in Sources */,
				CD292F1B1C53057700DC1DE9 /* petAlert.xcdatamodeld in Sources */,
				CD292F0F1C53057700DC1DE9 /* main.m in Sources */,
			);
			runOnlyForDeploymentPostprocessing = 0;
		};
		CD292F221C53057700DC1DE9 /* Sources */ = {
			isa = PBXSourcesBuildPhase;
			buildActionMask = 2147483647;
			files = (
				CD292F2B1C53057700DC1DE9 /* petAlertTests.m in Sources */,
			);
			runOnlyForDeploymentPostprocessing = 0;
		};
/* End PBXSourcesBuildPhase section */

/* Begin PBXTargetDependency section */
		CD292F281C53057700DC1DE9 /* PBXTargetDependency */ = {
			isa = PBXTargetDependency;
			target = CD292F091C53057700DC1DE9 /* petAlert */;
			targetProxy = CD292F271C53057700DC1DE9 /* PBXContainerItemProxy */;
		};
/* End PBXTargetDependency section */

/* Begin PBXVariantGroup section */
		CD292F161C53057700DC1DE9 /* Main.storyboard */ = {
			isa = PBXVariantGroup;
			children = (
				CD292F171C53057700DC1DE9 /* Base */,
			);
			name = Main.storyboard;
			sourceTree = "<group>";
		};
		CD292F1E1C53057700DC1DE9 /* LaunchScreen.storyboard */ = {
			isa = PBXVariantGroup;
			children = (
				CD292F1F1C53057700DC1DE9 /* Base */,
			);
			name = LaunchScreen.storyboard;
			sourceTree = "<group>";
		};
/* End PBXVariantGroup section */

/* Begin XCBuildConfiguration section */
		CD292F2D1C53057700DC1DE9 /* Debug */ = {
			isa = XCBuildConfiguration;
			buildSettings = {
				ALWAYS_SEARCH_USER_PATHS = NO;
				CLANG_CXX_LANGUAGE_STANDARD = "gnu++0x";
				CLANG_CXX_LIBRARY = "libc++";
				CLANG_ENABLE_MODULES = YES;
				CLANG_ENABLE_OBJC_ARC = YES;
				CLANG_WARN_BOOL_CONVERSION = YES;
				CLANG_WARN_CONSTANT_CONVERSION = YES;
				CLANG_WARN_DIRECT_OBJC_ISA_USAGE = YES_ERROR;
				CLANG_WARN_EMPTY_BODY = YES;
				CLANG_WARN_ENUM_CONVERSION = YES;
				CLANG_WARN_INT_CONVERSION = YES;
				CLANG_WARN_OBJC_ROOT_CLASS = YES_ERROR;
				CLANG_WARN_UNREACHABLE_CODE = YES;
				CLANG_WARN__DUPLICATE_METHOD_MATCH = YES;
				"CODE_SIGN_IDENTITY[sdk=iphoneos*]" = "iPhone Developer";
				COPY_PHASE_STRIP = NO;
				DEBUG_INFORMATION_FORMAT = dwarf;
				ENABLE_STRICT_OBJC_MSGSEND = YES;
				ENABLE_TESTABILITY = YES;
				GCC_C_LANGUAGE_STANDARD = gnu99;
				GCC_DYNAMIC_NO_PIC = NO;
				GCC_NO_COMMON_BLOCKS = YES;
				GCC_OPTIMIZATION_LEVEL = 0;
				GCC_PREPROCESSOR_DEFINITIONS = (
					"DEBUG=1",
					"$(inherited)",
				);
				GCC_WARN_64_TO_32_BIT_CONVERSION = YES;
				GCC_WARN_ABOUT_RETURN_TYPE = YES_ERROR;
				GCC_WARN_UNDECLARED_SELECTOR = YES;
				GCC_WARN_UNINITIALIZED_AUTOS = YES_AGGRESSIVE;
				GCC_WARN_UNUSED_FUNCTION = YES;
				GCC_WARN_UNUSED_VARIABLE = YES;
				IPHONEOS_DEPLOYMENT_TARGET = 9.2;
				MTL_ENABLE_DEBUG_INFO = YES;
				ONLY_ACTIVE_ARCH = YES;
				SDKROOT = iphoneos;
				TARGETED_DEVICE_FAMILY = "1,2";
			};
			name = Debug;
		};
		CD292F2E1C53057700DC1DE9 /* Release */ = {
			isa = XCBuildConfiguration;
			buildSettings = {
				ALWAYS_SEARCH_USER_PATHS = NO;
				CLANG_CXX_LANGUAGE_STANDARD = "gnu++0x";
				CLANG_CXX_LIBRARY = "libc++";
				CLANG_ENABLE_MODULES = YES;
				CLANG_ENABLE_OBJC_ARC = YES;
				CLANG_WARN_BOOL_CONVERSION = YES;
				CLANG_WARN_CONSTANT_CONVERSION = YES;
				CLANG_WARN_DIRECT_OBJC_ISA_USAGE = YES_ERROR;
				CLANG_WARN_EMPTY_BODY = YES;
				CLANG_WARN_ENUM_CONVERSION = YES;
				CLANG_WARN_INT_CONVERSION = YES;
				CLANG_WARN_OBJC_ROOT_CLASS = YES_ERROR;
				CLANG_WARN_UNREACHABLE_CODE = YES;
				CLANG_WARN__DUPLICATE_METHOD_MATCH = YES;
				"CODE_SIGN_IDENTITY[sdk=iphoneos*]" = "iPhone Developer";
				COPY_PHASE_STRIP = NO;
				DEBUG_INFORMATION_FORMAT = "dwarf-with-dsym";
				ENABLE_NS_ASSERTIONS = NO;
				ENABLE_STRICT_OBJC_MSGSEND = YES;
				GCC_C_LANGUAGE_STANDARD = gnu99;
				GCC_NO_COMMON_BLOCKS = YES;
				GCC_WARN_64_TO_32_BIT_CONVERSION = YES;
				GCC_WARN_ABOUT_RETURN_TYPE = YES_ERROR;
				GCC_WARN_UNDECLARED_SELECTOR = YES;
				GCC_WARN_UNINITIALIZED_AUTOS = YES_AGGRESSIVE;
				GCC_WARN_UNUSED_FUNCTION = YES;
				GCC_WARN_UNUSED_VARIABLE = YES;
				IPHONEOS_DEPLOYMENT_TARGET = 9.2;
				MTL_ENABLE_DEBUG_INFO = NO;
				SDKROOT = iphoneos;
				TARGETED_DEVICE_FAMILY = "1,2";
				VALIDATE_PRODUCT = YES;
			};
			name = Release;
		};
		CD292F301C53057700DC1DE9 /* Debug */ = {
			isa = XCBuildConfiguration;
			buildSettings = {
				ASSETCATALOG_COMPILER_APPICON_NAME = AppIcon;
				INFOPLIST_FILE = petAlert/Info.plist;
				LD_RUNPATH_SEARCH_PATHS = "$(inherited) @executable_path/Frameworks";
				PRODUCT_BUNDLE_IDENTIFIER = com.Danielle.petAlert;
				PRODUCT_NAME = "$(TARGET_NAME)";
			};
			name = Debug;
		};
		CD292F311C53057700DC1DE9 /* Release */ = {
			isa = XCBuildConfiguration;
			buildSettings = {
				ASSETCATALOG_COMPILER_APPICON_NAME = AppIcon;
				INFOPLIST_FILE = petAlert/Info.plist;
				LD_RUNPATH_SEARCH_PATHS = "$(inherited) @executable_path/Frameworks";
				PRODUCT_BUNDLE_IDENTIFIER = com.Danielle.petAlert;
				PRODUCT_NAME = "$(TARGET_NAME)";
			};
			name = Release;
		};
		CD292F331C53057700DC1DE9 /* Debug */ = {
			isa = XCBuildConfiguration;
			buildSettings = {
				BUNDLE_LOADER = "$(TEST_HOST)";
				INFOPLIST_FILE = petAlertTests/Info.plist;
				LD_RUNPATH_SEARCH_PATHS = "$(inherited) @executable_path/Frameworks @loader_path/Frameworks";
				PRODUCT_BUNDLE_IDENTIFIER = com.Danielle.petAlertTests;
				PRODUCT_NAME = "$(TARGET_NAME)";
				TEST_HOST = "$(BUILT_PRODUCTS_DIR)/petAlert.app/petAlert";
			};
			name = Debug;
		};
		CD292F341C53057700DC1DE9 /* Release */ = {
			isa = XCBuildConfiguration;
			buildSettings = {
				BUNDLE_LOADER = "$(TEST_HOST)";
				INFOPLIST_FILE = petAlertTests/Info.plist;
				LD_RUNPATH_SEARCH_PATHS = "$(inherited) @executable_path/Frameworks @loader_path/Frameworks";
				PRODUCT_BUNDLE_IDENTIFIER = com.Danielle.petAlertTests;
				PRODUCT_NAME = "$(TARGET_NAME)";
				TEST_HOST = "$(BUILT_PRODUCTS_DIR)/petAlert.app/petAlert";
			};
			name = Release;
		};
/* End XCBuildConfiguration section */

/* Begin XCConfigurationList section */
		CD292F051C53057700DC1DE9 /* Build configuration list for PBXProject "petAlert" */ = {
			isa = XCConfigurationList;
			buildConfigurations = (
				CD292F2D1C53057700DC1DE9 /* Debug */,
				CD292F2E1C53057700DC1DE9 /* Release */,
			);
			defaultConfigurationIsVisible = 0;
			defaultConfigurationName = Release;
		};
		CD292F2F1C53057700DC1DE9 /* Build configuration list for PBXNativeTarget "petAlert" */ = {
			isa = XCConfigurationList;
			buildConfigurations = (
				CD292F301C53057700DC1DE9 /* Debug */,
				CD292F311C53057700DC1DE9 /* Release */,
			);
			defaultConfigurationIsVisible = 0;
		};
		CD292F321C53057700DC1DE9 /* Build configuration list for PBXNativeTarget "petAlertTests" */ = {
			isa = XCConfigurationList;
			buildConfigurations = (
				CD292F331C53057700DC1DE9 /* Debug */,
				CD292F341C53057700DC1DE9 /* Release */,
			);
			defaultConfigurationIsVisible = 0;
		};
/* End XCConfigurationList section */

/* Begin XCVersionGroup section */
		CD292F191C53057700DC1DE9 /* petAlert.xcdatamodeld */ = {
			isa = XCVersionGroup;
			children = (
				CD292F1A1C53057700DC1DE9 /* petAlert.xcdatamodel */,
			);
			currentVersion = CD292F1A1C53057700DC1DE9 /* petAlert.xcdatamodel */;
			path = petAlert.xcdatamodeld;
			sourceTree = "<group>";
			versionGroupType = wrapper.xcdatamodel;
		};
/* End XCVersionGroup section */
	};
	rootObject = CD292F021C53057700DC1DE9 /* Project object */;
}
